<?xml version="1.0" encoding="utf-8"?>
<Project ToolsVersion="4.0" xmlns="http://schemas.microsoft.com/developer/msbuild/2003">
  <ItemGroup>
    <Filter Include="Archivos de recursos">
      <UniqueIdentifier>{67DA6AB6-F800-4c08-8B7A-83BB121AAD01}</UniqueIdentifier>
      <Extensions>rc;ico;cur;bmp;dlg;rc2;rct;bin;rgs;gif;jpg;jpeg;jpe;resx;tiff;tif;png;wav;mfcribbon-ms</Extensions>
    </Filter>
    <Filter Include="src">
      <UniqueIdentifier>{567373f7-80e0-41b6-87f4-30cdc43f4836}</UniqueIdentifier>
    </Filter>
    <Filter Include="res">
      <UniqueIdentifier>{d993763d-6ef4-469b-8ec2-5cfb843af4f7}</UniqueIdentifier>
    </Filter>
    <Filter Include="src\stb_image">
      <UniqueIdentifier>{5e4b0989-ca2e-4d54-9f3f-7ad048a2567b}</UniqueIdentifier>
    </Filter>
    <Filter Include="src\Time">
      <UniqueIdentifier>{bd680321-65e8-41f5-807f-f1f30f9dd036}</UniqueIdentifier>
    </Filter>
    <Filter Include="src\Animation">
      <UniqueIdentifier>{72074342-19aa-4bf5-8288-7a7ed787bbf6}</UniqueIdentifier>
    </Filter>
    <Filter Include="src\Entity">
      <UniqueIdentifier>{1bd08f1a-fc96-4046-a2bf-b0cced0549e4}</UniqueIdentifier>
    </Filter>
    <Filter Include="src\GameBase">
      <UniqueIdentifier>{554ebdac-4fd1-481d-bf2c-f5bb20bf3645}</UniqueIdentifier>
    </Filter>
    <Filter Include="src\Renderer">
      <UniqueIdentifier>{8f2ff6bf-17d7-4495-8180-d85d51626d01}</UniqueIdentifier>
    </Filter>
    <Filter Include="src\Window">
      <UniqueIdentifier>{dfa6c1d6-8626-428d-841f-1f9e0a3be89c}</UniqueIdentifier>
    </Filter>
    <Filter Include="src\Tools">
      <UniqueIdentifier>{9d6fe0d6-05cc-4faf-b63e-b817204b6c2f}</UniqueIdentifier>
    </Filter>
    <Filter Include="src\Input">
      <UniqueIdentifier>{9c445a2a-276d-4360-9d28-317b249bc827}</UniqueIdentifier>
    </Filter>
    <Filter Include="src\Tile">
      <UniqueIdentifier>{93512a1f-eae2-4e9e-85e2-5703a83d5aef}</UniqueIdentifier>
    </Filter>
    <Filter Include="src\TileMap">
      <UniqueIdentifier>{d1a36d4b-997b-4a3a-9205-931c07ed5d6a}</UniqueIdentifier>
    </Filter>
    <Filter Include="src\Camera">
      <UniqueIdentifier>{670b8680-0ce4-4ddd-9c74-ffd1417d3ccc}</UniqueIdentifier>
    </Filter>
    <Filter Include="res\Shaders">
      <UniqueIdentifier>{9624e130-453a-44ed-a639-3f5905f8ee68}</UniqueIdentifier>
    </Filter>
    <Filter Include="src\Entity\Cube">
      <UniqueIdentifier>{acd3d751-c15a-4422-9c30-3c33f025833f}</UniqueIdentifier>
    </Filter>
    <Filter Include="src\Entity\Plane">
      <UniqueIdentifier>{8bdc16bd-f481-453e-973d-5a161bce6208}</UniqueIdentifier>
    </Filter>
    <Filter Include="src\Entity\Plane\Sprite">
      <UniqueIdentifier>{d45a8175-87b3-4a1b-acdb-2ae289a7631e}</UniqueIdentifier>
    </Filter>
    <Filter Include="src\Entity\Cube\Light Cube">
      <UniqueIdentifier>{ae6016fd-c677-4260-860a-a70cbde70b10}</UniqueIdentifier>
    </Filter>
    <Filter Include="src\Entity\Model">
      <UniqueIdentifier>{5cc05f8d-1045-4ee4-b1a1-bebcda298ae8}</UniqueIdentifier>
    </Filter>
    <Filter Include="src\Entity\Model\Mesh">
      <UniqueIdentifier>{e8367717-8988-4c84-a771-033f6253b230}</UniqueIdentifier>
    </Filter>
    <Filter Include="src\TextureManager">
      <UniqueIdentifier>{77038600-71db-44ac-8996-5303ecb106db}</UniqueIdentifier>
    </Filter>
    <Filter Include="src\LightingManager">
      <UniqueIdentifier>{ad6b0eb9-c04f-48b2-b462-0ade309eaa57}</UniqueIdentifier>
    </Filter>
    <Filter Include="src\LightingManager\Light">
      <UniqueIdentifier>{199a02a2-d642-4f70-8685-594b92aa3e80}</UniqueIdentifier>
    </Filter>
    <Filter Include="src\LightingManager\Light\Directional Light">
      <UniqueIdentifier>{901324eb-78e6-41ed-bb24-3e5e060bd584}</UniqueIdentifier>
    </Filter>
    <Filter Include="src\LightingManager\Light\Point Light">
      <UniqueIdentifier>{a1c9243f-e4d5-4fba-8d7d-4d3aa642c2d8}</UniqueIdentifier>
    </Filter>
    <Filter Include="src\LightingManager\Light\Spot Light">
      <UniqueIdentifier>{85eb172e-d1ce-4a33-8ff0-0c6b1a82f8d3}</UniqueIdentifier>
    </Filter>
    <Filter Include="src\ModelManager">
      <UniqueIdentifier>{dc87f704-7b4e-444a-a845-e38612083130}</UniqueIdentifier>
    </Filter>
    <Filter Include="src\Transform">
      <UniqueIdentifier>{6a81234a-e917-4374-93a6-3e88abf93225}</UniqueIdentifier>
    </Filter>
    <Filter Include="src\Transform\CameraTransform">
      <UniqueIdentifier>{fc2d9948-0790-4c76-9720-a34e2cf204da}</UniqueIdentifier>
    </Filter>
    <Filter Include="src\Entity\Model\ModelNode">
      <UniqueIdentifier>{730e2af8-f154-406f-8cf8-3d673216bde9}</UniqueIdentifier>
    </Filter>
  </ItemGroup>
  <ItemGroup>
    <None Include="res\Shaders\LightSourceShader_FS.shader">
      <Filter>res\Shaders</Filter>
    </None>
    <None Include="res\Shaders\LightSourceShader_VS.shader">
      <Filter>res\Shaders</Filter>
    </None>
    <None Include="res\shaders\MainShader_FS.shader">
      <Filter>res\Shaders</Filter>
    </None>
    <None Include="res\shaders\MainShader_VS.shader">
      <Filter>res\Shaders</Filter>
    </None>
  </ItemGroup>
  <ItemGroup>
    <ClCompile Include="src\Animation\Animation.cpp">
      <Filter>src\Animation</Filter>
    </ClCompile>
    <ClCompile Include="src\Camera\Camera.cpp">
      <Filter>src\Camera</Filter>
    </ClCompile>
    <ClCompile Include="src\Entity\Entity.cpp">
      <Filter>src\Entity</Filter>
    </ClCompile>
    <ClCompile Include="src\GameBase\GameBase.cpp">
      <Filter>src\GameBase</Filter>
    </ClCompile>
    <ClCompile Include="src\Input\Input.cpp">
      <Filter>src\Input</Filter>
    </ClCompile>
    <ClCompile Include="src\Renderer\Renderer.cpp">
      <Filter>src\Renderer</Filter>
    </ClCompile>
    <ClCompile Include="src\stb_image\stb_image.cpp">
      <Filter>src\stb_image</Filter>
    </ClCompile>
    <ClCompile Include="src\Tile\Tile.cpp">
      <Filter>src\Tile</Filter>
    </ClCompile>
    <ClCompile Include="src\TileMap\TileMap.cpp">
      <Filter>src\TileMap</Filter>
    </ClCompile>
    <ClCompile Include="src\Time\Time.cpp">
      <Filter>src\Time</Filter>
    </ClCompile>
    <ClCompile Include="src\Window\Window.cpp">
      <Filter>src\Window</Filter>
    </ClCompile>
    <ClCompile Include="src\Entity\Cube\Cube.cpp">
      <Filter>src\Entity\Cube</Filter>
    </ClCompile>
    <ClCompile Include="src\Entity\Plane\Plane.cpp">
      <Filter>src\Entity\Plane</Filter>
    </ClCompile>
    <ClCompile Include="src\Entity\Plane\Sprite\Sprite.cpp">
      <Filter>src\Entity\Plane\Sprite</Filter>
    </ClCompile>
    <ClCompile Include="src\Entity\Cube\Light Cube\LightCube.cpp">
      <Filter>src\Entity\Cube\Light Cube</Filter>
    </ClCompile>
    <ClCompile Include="src\Entity\Model\Model.cpp">
      <Filter>src\Entity\Model</Filter>
    </ClCompile>
    <ClCompile Include="src\Entity\Model\Mesh\Mesh.cpp">
      <Filter>src\Entity\Model\Mesh</Filter>
    </ClCompile>
    <ClCompile Include="src\TextureManager\TextureManager.cpp">
      <Filter>src\TextureManager</Filter>
    </ClCompile>
    <ClCompile Include="src\LightingManager\LightingManager.cpp">
      <Filter>src\LightingManager</Filter>
    </ClCompile>
    <ClCompile Include="src\LightingManager\Light\Light.cpp">
      <Filter>src\LightingManager\Light</Filter>
    </ClCompile>
    <ClCompile Include="src\LightingManager\Light\Directional Light\DirectionalLight.cpp">
      <Filter>src\LightingManager\Light\Directional Light</Filter>
    </ClCompile>
    <ClCompile Include="src\LightingManager\Light\Point Light\PointLight.cpp">
      <Filter>src\LightingManager\Light\Point Light</Filter>
    </ClCompile>
    <ClCompile Include="src\LightingManager\Light\Spotlight\Spotlight.cpp">
      <Filter>src\LightingManager\Light\Spot Light</Filter>
    </ClCompile>
    <ClCompile Include="src\ModelManager\ModelManager.cpp">
      <Filter>src\ModelManager</Filter>
    </ClCompile>
    <ClCompile Include="src\Transform\Transform.cpp">
      <Filter>src\Transform</Filter>
    </ClCompile>
    <ClCompile Include="src\Transform\CameraTransform\CameraTransform.cpp">
      <Filter>src\Transform\CameraTransform</Filter>
    </ClCompile>
    <ClCompile Include="src\Entity\Model\ModelNode\ModelNode.cpp">
      <Filter>src\Entity\Model\ModelNode</Filter>
    </ClCompile>
  </ItemGroup>
  <ItemGroup>
    <ClInclude Include="src\Animation\Animation.h">
      <Filter>src\Animation</Filter>
    </ClInclude>
    <ClInclude Include="src\Camera\Camera.h">
      <Filter>src\Camera</Filter>
    </ClInclude>
    <ClInclude Include="src\Entity\Entity.h">
      <Filter>src\Entity</Filter>
    </ClInclude>
    <ClInclude Include="src\GameBase\GameBase.h">
      <Filter>src\GameBase</Filter>
    </ClInclude>
    <ClInclude Include="src\Input\Input.h">
      <Filter>src\Input</Filter>
    </ClInclude>
    <ClInclude Include="src\Renderer\Renderer.h">
      <Filter>src\Renderer</Filter>
    </ClInclude>
    <ClInclude Include="src\stb_image\stb_image.h">
      <Filter>src\stb_image</Filter>
    </ClInclude>
    <ClInclude Include="src\Tile\Tile.h">
      <Filter>src\Tile</Filter>
    </ClInclude>
    <ClInclude Include="src\TileMap\TileMap.h">
      <Filter>src\TileMap</Filter>
    </ClInclude>
    <ClInclude Include="src\Time\Time.h">
      <Filter>src\Time</Filter>
    </ClInclude>
    <ClInclude Include="src\Tools\Export.h">
      <Filter>src\Tools</Filter>
    </ClInclude>
    <ClInclude Include="src\Tools\Includes.h">
      <Filter>src\Tools</Filter>
    </ClInclude>
    <ClInclude Include="src\Window\Window.h">
      <Filter>src\Window</Filter>
    </ClInclude>
    <ClInclude Include="src\Animation\Frame.h">
      <Filter>src\Animation</Filter>
    </ClInclude>
    <ClInclude Include="src\Entity\Cube\Cube.h">
      <Filter>src\Entity\Cube</Filter>
    </ClInclude>
    <ClInclude Include="src\Entity\Plane\Plane.h">
      <Filter>src\Entity\Plane</Filter>
    </ClInclude>
    <ClInclude Include="src\Entity\Plane\Sprite\Sprite.h">
      <Filter>src\Entity\Plane\Sprite</Filter>
    </ClInclude>
    <ClInclude Include="src\Entity\Cube\Light Cube\LightCube.h">
      <Filter>src\Entity\Cube\Light Cube</Filter>
    </ClInclude>
    <ClInclude Include="src\Entity\Model\Model.h">
      <Filter>src\Entity\Model</Filter>
    </ClInclude>
    <ClInclude Include="src\Entity\Model\Mesh\Mesh.h">
      <Filter>src\Entity\Model\Mesh</Filter>
    </ClInclude>
    <ClInclude Include="src\TextureManager\TextureManager.h">
      <Filter>src\TextureManager</Filter>
    </ClInclude>
    <ClInclude Include="src\LightingManager\LightingManager.h">
      <Filter>src\LightingManager</Filter>
    </ClInclude>
    <ClInclude Include="src\LightingManager\Light\Light.h">
      <Filter>src\LightingManager\Light</Filter>
    </ClInclude>
    <ClInclude Include="src\LightingManager\Light\Directional Light\DirectionalLight.h">
      <Filter>src\LightingManager\Light\Directional Light</Filter>
    </ClInclude>
    <ClInclude Include="src\LightingManager\Light\Point Light\PointLight.h">
      <Filter>src\LightingManager\Light\Point Light</Filter>
    </ClInclude>
    <ClInclude Include="src\LightingManager\Light\Spotlight\Spotlight.h">
      <Filter>src\LightingManager\Light\Spot Light</Filter>
    </ClInclude>
    <ClInclude Include="src\ModelManager\ModelManager.h">
      <Filter>src\ModelManager</Filter>
    </ClInclude>
    <ClInclude Include="src\Transform\Transform.h">
      <Filter>src\Transform</Filter>
    </ClInclude>
    <ClInclude Include="src\Transform\CameraTransform\CameraTransform.h">
      <Filter>src\Transform\CameraTransform</Filter>
    </ClInclude>
    <ClInclude Include="src\Entity\Model\ModelNode\ModelNode.h">
      <Filter>src\Entity\Model\ModelNode</Filter>
    </ClInclude>
  </ItemGroup>
</Project>